version = 1
revision = 3
requires-python = ">=3.13"

[[package]]
name = "asgiref"
version = "3.10.0"
source = { registry = "https://pypi.org/simple" }
sdist = { url = "https://files.pythonhosted.org/packages/46/08/4dfec9b90758a59acc6be32ac82e98d1fbfc321cb5cfa410436dbacf821c/asgiref-3.10.0.tar.gz", hash = "sha256:d89f2d8cd8b56dada7d52fa7dc8075baa08fb836560710d38c292a7a3f78c04e", size = 37483, upload-time = "2025-10-05T09:15:06.557Z" }
wheels = [
    { url = "https://files.pythonhosted.org/packages/17/9c/fc2331f538fbf7eedba64b2052e99ccf9ba9d6888e2f41441ee28847004b/asgiref-3.10.0-py3-none-any.whl", hash = "sha256:aef8a81283a34d0ab31630c9b7dfe70c812c95eba78171367ca8745e88124734", size = 24050, upload-time = "2025-10-05T09:15:05.11Z" },
]

[[package]]
name = "books4books"
version = "0.1.0"
source = { virtual = "." }
dependencies = [
    { name = "dj-database-url" },
    { name = "django" },
    { name = "django-allauth" },
    { name = "django-anymail" },
    { name = "django-isbn-field" },
    { name = "gunicorn" },
    { name = "pillow" },
    { name = "psycopg" },
    { name = "python-dotenv" },
    { name = "sentry-sdk", extra = ["django"] },
    { name = "zxing-cpp" },
]

[package.dev-dependencies]
dev = [
    { name = "djade" },
    { name = "django-debug-toolbar" },
    { name = "django-mail-panel" },
    { name = "ruff" },
]

[package.metadata]
requires-dist = [
    { name = "dj-database-url", specifier = "==3.0.1" },
    { name = "django", specifier = "==5.2.16" },
    { name = "django-allauth", specifier = "==65.10.0" },
    { name = "django-anymail", extras = ["mailgun"], specifier = "==13.1" },
    { name = "django-isbn-field", specifier = "==0.5.3" },
    { name = "gunicorn", specifier = "==23.0.0" },
    { name = "pillow", specifier = "==11.2.1" },
    { name = "psycopg", specifier = "==3.2.9" },
    { name = "python-dotenv", specifier = "==1.2.1" },
    { name = "sentry-sdk", extras = ["django"], specifier = "==2.43.0" },
    { name = "zxing-cpp", specifier = "==2.3.0" },
]

[package.metadata.requires-dev]
dev = [
    { name = "djade", specifier = "==1.9.0" },
    { name = "django-debug-toolbar", specifier = "==5.2.0" },
    { name = "django-mail-panel", specifier = "==4.0.4" },
    { name = "ruff", specifier = "==0.11.7" },
]

[[package]]
name = "certifi"
version = "2025.11.12"
source = { registry = "https://pypi.org/simple" }
sdist = { url = "https://files.pythonhosted.org/packages/a2/8c/58f469717fa48465e4a50c014a0400602d3c437d7c0c468e17ada824da3a/certifi-2025.11.12.tar.gz", hash = "sha256:d8ab5478f2ecd78af242878415affce761ca6bc54a22a27e026d7c25357c3316", size = 160538, upload-time = "2025-11-12T02:54:51.517Z" }
wheels = [
    { url = "https://files.pythonhosted.org/packages/70/7d/9bc192684cea499815ff478dfcdc13835ddf401365057044fb721ec6bddb/certifi-2025.11.12-py3-none-any.whl", hash = "sha256:97de8790030bbd5c2d96b7ec782fc2f7820ef8dba6db909ccf95449f2d062d4b", size = 159438, upload-time = "2025-11-12T02:54:49.735Z" },
]

[[package]]
name = "charset-normalizer"
version = "3.4.4"
source = { registry = "https://pypi.org/simple" }
sdist = { url = "https://files.pythonhosted.org/packages/13/69/33ddede1939fdd074bce5434295f38fae7136463422fe4fd3e0e89b98062/charset_normalizer-3.4.4.tar.gz", hash = "sha256:94537985111c35f28720e43603b8e7b43a6ecfb2ce1d3058bbe955b73404e21a", size = 129418, upload-time = "2025-10-14T04:42:32.879Z" }
wheels = [
    { url = "https://files.pythonhosted.org/packages/97/45/4b3a1239bbacd321068ea6e7ac28875b03ab8bc0aa0966452db17cd36714/charset_normalizer-3.4.4-cp313-cp313-macosx_10_13_universal2.whl", hash = "sha256:e1f185f86a6f3403aa2420e815904c67b2f9ebc443f045edd0de921108345794", size = 208091, upload-time = "2025-10-14T04:41:13.346Z" },
    { url = "https://files.pythonhosted.org/packages/7d/62/73a6d7450829655a35bb88a88fca7d736f9882a27eacdca2c6d505b57e2e/charset_normalizer-3.4.4-cp313-cp313-manylinux2014_aarch64.manylinux_2_17_aarch64.manylinux_2_28_aarch64.whl", hash = "sha256:6b39f987ae8ccdf0d2642338faf2abb1862340facc796048b604ef14919e55ed", size = 147936, upload-time = "2025-10-14T04:41:14.461Z" },
    { url = "https://files.pythonhosted.org/packages/89/c5/adb8c8b3d6625bef6d88b251bbb0d95f8205831b987631ab0c8bb5d937c2/charset_normalizer-3.4.4-cp313-cp313-manylinux2014_armv7l.manylinux_2_17_armv7l.manylinux_2_31_armv7l.whl", hash = "sha256:3162d5d8ce1bb98dd51af660f2121c55d0fa541b46dff7bb9b9f86ea1d87de72", size = 144180, upload-time = "2025-10-14T04:41:15.588Z" },
    { url = "https://files.pythonhosted.org/packages/91/ed/9706e4070682d1cc219050b6048bfd293ccf67b3d4f5a4f39207453d4b99/charset_normalizer-3.4.4-cp313-cp313-manylinux2014_ppc64le.manylinux_2_17_ppc64le.manylinux_2_28_ppc64le.whl", hash = "sha256:81d5eb2a312700f4ecaa977a8235b634ce853200e828fbadf3a9c50bab278328", size = 161346, upload-time = "2025-10-14T04:41:16.738Z" },
    { url = "https://files.pythonhosted.org/packages/d5/0d/031f0d95e4972901a2f6f09ef055751805ff541511dc1252ba3ca1f80cf5/charset_normalizer-3.4.4-cp313-cp313-manylinux2014_s390x.manylinux_2_17_s390x.manylinux_2_28_s390x.whl", hash = "sha256:5bd2293095d766545ec1a8f612559f6b40abc0eb18bb2f5d1171872d34036ede", size = 158874, upload-time = "2025-10-14T04:41:17.923Z" },
    { url = "https://files.pythonhosted.org/packages/f5/83/6ab5883f57c9c801ce5e5677242328aa45592be8a00644310a008d04f922/charset_normalizer-3.4.4-cp313-cp313-manylinux2014_x86_64.manylinux_2_17_x86_64.manylinux_2_28_x86_64.whl", hash = "sha256:a8a8b89589086a25749f471e6a900d3f662d1d3b6e2e59dcecf787b1cc3a1894", size = 153076, upload-time = "2025-10-14T04:41:19.106Z" },
    { url = "https://files.pythonhosted.org/packages/75/1e/5ff781ddf5260e387d6419959ee89ef13878229732732ee73cdae01800f2/charset_normalizer-3.4.4-cp313-cp313-manylinux_2_31_riscv64.manylinux_2_39_riscv64.whl", hash = "sha256:bc7637e2f80d8530ee4a78e878bce464f70087ce73cf7c1caf142416923b98f1", size = 150601, upload-time = "2025-10-14T04:41:20.245Z" },
    { url = "https://files.pythonhosted.org/packages/d7/57/71be810965493d3510a6ca79b90c19e48696fb1ff964da319334b12677f0/charset_normalizer-3.4.4-cp313-cp313-musllinux_1_2_aarch64.whl", hash = "sha256:f8bf04158c6b607d747e93949aa60618b61312fe647a6369f88ce2ff16043490", size = 150376, upload-time = "2025-10-14T04:41:21.398Z" },
    { url = "https://files.pythonhosted.org/packages/e5/d5/c3d057a78c181d007014feb7e9f2e65905a6c4ef182c0ddf0de2924edd65/charset_normalizer-3.4.4-cp313-cp313-musllinux_1_2_armv7l.whl", hash = "sha256:554af85e960429cf30784dd47447d5125aaa3b99a6f0683589dbd27e2f45da44", size = 144825, upload-time = "2025-10-14T04:41:22.583Z" },
    { url = "https://files.pythonhosted.org/packages/e6/8c/d0406294828d4976f275ffbe66f00266c4b3136b7506941d87c00cab5272/charset_normalizer-3.4.4-cp313-cp313-musllinux_1_2_ppc64le.whl", hash = "sha256:74018750915ee7ad843a774364e13a3db91682f26142baddf775342c3f5b1133", size = 162583, upload-time = "2025-10-14T04:41:23.754Z" },
    { url = "https://files.pythonhosted.org/packages/d7/24/e2aa1f18c8f15c4c0e932d9287b8609dd30ad56dbe41d926bd846e22fb8d/charset_normalizer-3.4.4-cp313-cp313-musllinux_1_2_riscv64.whl", hash = "sha256:c0463276121fdee9c49b98908b3a89c39be45d86d1dbaa22957e38f6321d4ce3", size = 150366, upload-time = "2025-10-14T04:41:25.27Z" },
    { url = "https://files.pythonhosted.org/packages/e4/5b/1e6160c7739aad1e2df054300cc618b06bf784a7a164b0f238360721ab86/charset_normalizer-3.4.4-cp313-cp313-musllinux_1_2_s390x.whl", hash = "sha256:362d61fd13843997c1c446760ef36f240cf81d3ebf74ac62652aebaf7838561e", size = 160300, upload-time = "2025-10-14T04:41:26.725Z" },
    { url = "https://files.pythonhosted.org/packages/7a/10/f882167cd207fbdd743e55534d5d9620e095089d176d55cb22d5322f2afd/charset_normalizer-3.4.4-cp313-cp313-musllinux_1_2_x86_64.whl", hash = "sha256:9a26f18905b8dd5d685d6d07b0cdf98a79f3c7a918906af7cc143ea2e164c8bc", size = 154465, upload-time = "2025-10-14T04:41:28.322Z" },
    { url = "https://files.pythonhosted.org/packages/89/66/c7a9e1b7429be72123441bfdbaf2bc13faab3f90b933f664db506dea5915/charset_normalizer-3.4.4-cp313-cp313-win32.whl", hash = "sha256:9b35f4c90079ff2e2edc5b26c0c77925e5d2d255c42c74fdb70fb49b172726ac", size = 99404, upload-time = "2025-10-14T04:41:29.95Z" },
    { url = "https://files.pythonhosted.org/packages/c4/26/b9924fa27db384bdcd97ab83b4f0a8058d96ad9626ead570674d5e737d90/charset_normalizer-3.4.4-cp313-cp313-win_amd64.whl", hash = "sha256:b435cba5f4f750aa6c0a0d92c541fb79f69a387c91e61f1795227e4ed9cece14", size = 107092, upload-time = "2025-10-14T04:41:31.188Z" },
    { url = "https://files.pythonhosted.org/packages/af/8f/3ed4bfa0c0c72a7ca17f0380cd9e4dd842b09f664e780c13cff1dcf2ef1b/charset_normalizer-3.4.4-cp313-cp313-win_arm64.whl", hash = "sha256:542d2cee80be6f80247095cc36c418f7bddd14f4a6de45af91dfad36d817bba2", size = 100408, upload-time = "2025-10-14T04:41:32.624Z" },
    { url = "https://files.pythonhosted.org/packages/2a/35/7051599bd493e62411d6ede36fd5af83a38f37c4767b92884df7301db25d/charset_normalizer-3.4.4-cp314-cp314-macosx_10_13_universal2.whl", hash = "sha256:da3326d9e65ef63a817ecbcc0df6e94463713b754fe293eaa03da99befb9a5bd", size = 207746, upload-time = "2025-10-14T04:41:33.773Z" },
    { url = "https://files.pythonhosted.org/packages/10/9a/97c8d48ef10d6cd4fcead2415523221624bf58bcf68a802721a6bc807c8f/charset_normalizer-3.4.4-cp314-cp314-manylinux2014_aarch64.manylinux_2_17_aarch64.manylinux_2_28_aarch64.whl", hash = "sha256:8af65f14dc14a79b924524b1e7fffe304517b2bff5a58bf64f30b98bbc5079eb", size = 147889, upload-time = "2025-10-14T04:41:34.897Z" },
    { url = "https://files.pythonhosted.org/packages/10/bf/979224a919a1b606c82bd2c5fa49b5c6d5727aa47b4312bb27b1734f53cd/charset_normalizer-3.4.4-cp314-cp314-manylinux2014_armv7l.manylinux_2_17_armv7l.manylinux_2_31_armv7l.whl", hash = "sha256:74664978bb272435107de04e36db5a9735e78232b85b77d45cfb38f758efd33e", size = 143641, upload-time = "2025-10-14T04:41:36.116Z" },
    { url = "https://files.pythonhosted.org/packages/ba/33/0ad65587441fc730dc7bd90e9716b30b4702dc7b617e6ba4997dc8651495/charset_normalizer-3.4.4-cp314-cp314-manylinux2014_ppc64le.manylinux_2_17_ppc64le.manylinux_2_28_ppc64le.whl", hash = "sha256:752944c7ffbfdd10c074dc58ec2d5a8a4cd9493b314d367c14d24c17684ddd14", size = 160779, upload-time = "2025-10-14T04:41:37.229Z" },
    { url = "https://files.pythonhosted.org/packages/67/ed/331d6b249259ee71ddea93f6f2f0a56cfebd46938bde6fcc6f7b9a3d0e09/charset_normalizer-3.4.4-cp314-cp314-manylinux2014_s390x.manylinux_2_17_s390x.manylinux_2_28_s390x.whl", hash = "sha256:d1f13550535ad8cff21b8d757a3257963e951d96e20ec82ab44bc64aeb62a191", size = 159035, upload-time = "2025-10-14T04:41:38.368Z" },
    { url = "https://files.pythonhosted.org/packages/67/ff/f6b948ca32e4f2a4576aa129d8bed61f2e0543bf9f5f2b7fc3758ed005c9/charset_normalizer-3.4.4-cp314-cp314-manylinux2014_x86_64.manylinux_2_17_x86_64.manylinux_2_28_x86_64.whl", hash = "sha256:ecaae4149d99b1c9e7b88bb03e3221956f68fd6d50be2ef061b2381b61d20838", size = 152542, upload-time = "2025-10-14T04:41:39.862Z" },
    { url = "https://files.pythonhosted.org/packages/16/85/276033dcbcc369eb176594de22728541a925b2632f9716428c851b149e83/charset_normalizer-3.4.4-cp314-cp314-manylinux_2_31_riscv64.manylinux_2_39_riscv64.whl", hash = "sha256:cb6254dc36b47a990e59e1068afacdcd02958bdcce30bb50cc1700a8b9d624a6", size = 149524, upload-time = "2025-10-14T04:41:41.319Z" },
    { url = "https://files.pythonhosted.org/packages/9e/f2/6a2a1f722b6aba37050e626530a46a68f74e63683947a8acff92569f979a/charset_normalizer-3.4.4-cp314-cp314-musllinux_1_2_aarch64.whl", hash = "sha256:c8ae8a0f02f57a6e61203a31428fa1d677cbe50c93622b4149d5c0f319c1d19e", size = 150395, upload-time = "2025-10-14T04:41:42.539Z" },
    { url = "https://files.pythonhosted.org/packages/60/bb/2186cb2f2bbaea6338cad15ce23a67f9b0672929744381e28b0592676824/charset_normalizer-3.4.4-cp314-cp314-musllinux_1_2_armv7l.whl", hash = "sha256:47cc91b2f4dd2833fddaedd2893006b0106129d4b94fdb6af1f4ce5a9965577c", size = 143680, upload-time = "2025-10-14T04:41:43.661Z" },
    { url = "https://files.pythonhosted.org/packages/7d/a5/bf6f13b772fbb2a90360eb620d52ed8f796f3c5caee8398c3b2eb7b1c60d/charset_normalizer-3.4.4-cp314-cp314-musllinux_1_2_ppc64le.whl", hash = "sha256:82004af6c302b5d3ab2cfc4cc5f29db16123b1a8417f2e25f9066f91d4411090", size = 162045, upload-time = "2025-10-14T04:41:44.821Z" },
    { url = "https://files.pythonhosted.org/packages/df/c5/d1be898bf0dc3ef9030c3825e5d3b83f2c528d207d246cbabe245966808d/charset_normalizer-3.4.4-cp314-cp314-musllinux_1_2_riscv64.whl", hash = "sha256:2b7d8f6c26245217bd2ad053761201e9f9680f8ce52f0fcd8d0755aeae5b2152", size = 149687, upload-time = "2025-10-14T04:41:46.442Z" },
    { url = "https://files.pythonhosted.org/packages/a5/42/90c1f7b9341eef50c8a1cb3f098ac43b0508413f33affd762855f67a410e/charset_normalizer-3.4.4-cp314-cp314-musllinux_1_2_s390x.whl", hash = "sha256:799a7a5e4fb2d5898c60b640fd4981d6a25f1c11790935a44ce38c54e985f828", size = 160014, upload-time = "2025-10-14T04:41:47.631Z" },
    { url = "https://files.pythonhosted.org/packages/76/be/4d3ee471e8145d12795ab655ece37baed0929462a86e72372fd25859047c/charset_normalizer-3.4.4-cp314-cp314-musllinux_1_2_x86_64.whl", hash = "sha256:99ae2cffebb06e6c22bdc25801d7b30f503cc87dbd283479e7b606f70aff57ec", size = 154044, upload-time = "2025-10-14T04:41:48.81Z" },
    { url = "https://files.pythonhosted.org/packages/b0/6f/8f7af07237c34a1defe7defc565a9bc1807762f672c0fde711a4b22bf9c0/charset_normalizer-3.4.4-cp314-cp314-win32.whl", hash = "sha256:f9d332f8c2a2fcbffe1378594431458ddbef721c1769d78e2cbc06280d8155f9", size = 99940, upload-time = "2025-10-14T04:41:49.946Z" },
    { url = "https://files.pythonhosted.org/packages/4b/51/8ade005e5ca5b0d80fb4aff72a3775b325bdc3d27408c8113811a7cbe640/charset_normalizer-3.4.4-cp314-cp314-win_amd64.whl", hash = "sha256:8a6562c3700cce886c5be75ade4a5db4214fda19fede41d9792d100288d8f94c", size = 107104, upload-time = "2025-10-14T04:41:51.051Z" },
    { url = "https://files.pythonhosted.org/packages/da/5f/6b8f83a55bb8278772c5ae54a577f3099025f9ade59d0136ac24a0df4bde/charset_normalizer-3.4.4-cp314-cp314-win_arm64.whl", hash = "sha256:de00632ca48df9daf77a2c65a484531649261ec9f25489917f09e455cb09ddb2", size = 100743, upload-time = "2025-10-14T04:41:52.122Z" },
    { url = "https://files.pythonhosted.org/packages/0a/4c/925909008ed5a988ccbb72dcc897407e5d6d3bd72410d69e051fc0c14647/charset_normalizer-3.4.4-py3-none-any.whl", hash = "sha256:7a32c560861a02ff789ad905a2fe94e3f840803362c84fecf1851cb4cf3dc37f", size = 53402, upload-time = "2025-10-14T04:42:31.76Z" },
]

[[package]]
name = "dj-database-url"
version = "3.0.1"
source = { registry = "https://pypi.org/simple" }
dependencies = [
    { name = "django" },
]
sdist = { url = "https://files.pythonhosted.org/packages/75/05/2ec51009f4ce424877dbd8ad95868faec0c3494ed0ff1635f9ab53d9e0ee/dj_database_url-3.0.1.tar.gz", hash = "sha256:8994961efb888fc6bf8c41550870c91f6f7691ca751888ebaa71442b7f84eff8", size = 12556, upload-time = "2025-07-02T09:40:11.424Z" }
wheels = [
    { url = "https://files.pythonhosted.org/packages/aa/5e/86a43c6fdaa41c12d58e4ff3ebbfd6b71a7cb0360a08614e3754ef2e9afb/dj_database_url-3.0.1-py3-none-any.whl", hash = "sha256:43950018e1eeea486bf11136384aec0fe55b29fe6fd8a44553231b85661d9383", size = 8808, upload-time = "2025-07-02T09:40:26.326Z" },
]

[[package]]
name = "djade"
version = "1.9.0"
source = { registry = "https://pypi.org/simple" }
sdist = { url = "https://files.pythonhosted.org/packages/99/2e/655cc12eefa761d54b9cb956b8650f83675fd144fda641b03d4172d2e0c2/djade-1.9.0.tar.gz", hash = "sha256:e07dcec03982af3f12e46e42661c83ba6835edbde3597e0385ecfe7385527721", size = 41968, upload-time = "2026-02-27T00:07:02.57Z" }
wheels = [
    { url = "https://files.pythonhosted.org/packages/75/1c/40f332f13fc63495677aca02a22a74e5dd596f85d762fd34dcad7177a878/djade-1.9.0-py3-none-macosx_10_12_x86_64.whl", hash = "sha256:9523c5eebf67bdf4037cbaa3c79fbb453ee883c370e772f2dbb767c753971ac7", size = 1167298, upload-time = "2026-02-27T00:06:46.75Z" },
    { url = "https://files.pythonhosted.org/packages/8f/02/2098990d681265e84e8d0d2b4548279dcaae07195d217f71e799f4006025/djade-1.9.0-py3-none-macosx_11_0_arm64.whl", hash = "sha256:8da28ee6ac2e163283c1f19965f04cb4ca1e4e9fd9edc4c1f4cf183cab98384e", size = 1106315, upload-time = "2026-02-27T00:06:48.756Z" },
    { url = "https://files.pythonhosted.org/packages/b5/95/e6f43a63e9c6297e3117d5e8415c78c64f4403cace455641b6eb6590d7e5/djade-1.9.0-py3-none-manylinux_2_17_aarch64.manylinux2014_aarch64.whl", hash = "sha256:fbfc70ad912b54329363de7a5b62afd6bf4b92a49c12e2a155be1138cef01424", size = 1150821, upload-time = "2026-02-27T00:06:50.551Z" },
    { url = "https://files.pythonhosted.org/packages/90/8d/cb656b034477b734adefa69c7ada69d17bde4a7bf5a69e797f53ac59ecc3/djade-1.9.0-py3-none-manylinux_2_17_armv7l.manylinux2014_armv7l.whl", hash = "sha256:d9d828aaa871c02655d0a6b2d9fd2a677cd4b16bd101015728dd5db418b8225b", size = 1085847, upload-time = "2026-02-27T00:06:52.372Z" },
    { url = "https://files.pythonhosted.org/packages/01/9a/59396b03db75dd14f74402adb7348362863fde05313f643542dc24ae665e/djade-1.9.0-py3-none-manylinux_2_17_x86_64.manylinux2014_x86_64.whl", hash = "sha256:9b90e709d21c3f953b52fc5a021b8ef69b0790f23aa308923992af1fc3c2353f", size = 1228570, upload-time = "2026-02-27T00:06:54.167Z" },
    { url = "https://files.pythonhosted.org/packages/d3/22/6713dd41f6c6615bf6f11f552286f2ff0e56e4eb0050f6223d1932b38678/djade-1.9.0-py3-none-musllinux_1_1_aarch64.whl", hash = "sha256:183b828ffcedb0122bcf0b5eaa008bb288c344a80946c3f372d583f3944c1394", size = 1147326, upload-time = "2026-02-27T00:06:55.864Z" },
    { url = "https://files.pythonhosted.org/packages/fa/ea/190854396549d3741b70fd5f828ca0cfeee203e7a6219500cc9bc97bab76/djade-1.9.0-py3-none-musllinux_1_1_x86_64.whl", hash = "sha256:1981f77ef3c8b73860e492918ce235e46ab4e62a63c8101dd379e204c8a162de", size = 1287672, upload-time = "2026-02-27T00:06:57.421Z" },
    { url = "https://files.pythonhosted.org/packages/70/dd/bbbf681b4918fd178bd6586b28146af55e8f0c833e6ce26f255fe4f0271a/djade-1.9.0-py3-none-win_amd64.whl", hash = "sha256:bb2b62e22971173dae63bb2d18b24fe85bf3470ca1aabf1b8320a578832d64a2", size = 1110197, upload-time = "2026-02-27T00:06:59.124Z" },
    { url = "https://files.pythonhosted.org/packages/43/14/e39757938c1387c29b27e9362f3b567a8f6b24bd223137a11253b0c315e7/djade-1.9.0-py3-none-win_arm64.whl", hash = "sha256:b90633a53bb996e0fffd9bd26ed995a78b15f368aea77348e35e67151de4fd13", size = 1041427, upload-time = "2026-02-27T00:07:01.007Z" },
]

[[package]]
name = "django"
version = "5.2.16"
source = { registry = "https://pypi.org/simple" }
dependencies = [
    { name = "asgiref" },
    { name = "sqlparse" },
    { name = "tzdata", marker = "sys_platform == 'win32'" },
]
sdist = { url = "https://files.pythonhosted.org/packages/a9/26/889449d521ae508b26de715954faecd8bcf3f740affb81b2d146a83b42a5/django-5.2.16.tar.gz", hash = "sha256:59ea02020c3136fce14bef0bbece21a10a4febef5eed1c51c22ae468efa22200", size = 10890894, upload-time = "2026-07-07T13:52:17.005Z" }
wheels = [
    { url = "https://files.pythonhosted.org/packages/4e/13/1e5e3e4c15dcecb04281b3cb2a46a4670e1cef131068e202f6040df19224/django-5.2.16-py3-none-any.whl", hash = "sha256:04f354bf9d807a86ad1a8392fe3808d362358a8eafc322848e0e43e59b24371d", size = 8311943, upload-time = "2026-07-07T13:52:11.223Z" },
]

[[package]]
name = "django-allauth"
version = "65.10.0"
source = { registry = "https://pypi.org/simple" }
dependencies = [
    { name = "asgiref" },
    { name = "django" },
]
sdist = { url = "https://files.pythonhosted.org/packages/e1/9e/271e3b8ea27c089ddf3431140cf4aa86df86556ec102e360da5af62c3a99/django_allauth-65.10.0.tar.gz", hash = "sha256:47daa3b0e11a1d75724ea32995de37bd2b8963e9e4cce2b3a7fd64eb6d3b3c48", size = 1897777, upload-time = "2025-07-10T11:32:44.098Z" }

[[package]]
name = "django-anymail"
version = "13.1"
source = { registry = "https://pypi.org/simple" }
dependencies = [
    { name = "django" },
    { name = "requests" },
    { name = "urllib3" },
]
sdist = { url = "https://files.pythonhosted.org/packages/a3/a5/258d7b7bc1b0ca91791c25c704fa4c2d500727d0c3e29843c182f9f9c4be/django_anymail-13.1.tar.gz", hash = "sha256:b51783176f8a8382e958808151551558e4a46d1375fbc343742d1ebd06ce8e9e", size = 96518, upload-time = "2025-09-03T20:00:21.071Z" }
wheels = [
    { url = "https://files.pythonhosted.org/packages/c9/ba/d34a011cb8da04ed4a7c60b9a7aa25eed61348d1f6113af66ba725b56ae4/django_anymail-13.1-py3-none-any.whl", hash = "sha256:63e48402ec8258f17640eb73c8c64141f16d2f8ae7d448d0fb1c66e82b7cbcf6", size = 134063, upload-time = "2025-09-03T20:00:19.427Z" },
]

[[package]]
name = "django-debug-toolbar"
version = "5.2.0"
source = { registry = "https://pypi.org/simple" }
dependencies = [
    { name = "django" },
    { name = "sqlparse" },
]
sdist = { url = "https://files.pythonhosted.org/packages/2a/9f/97ba2648f66fa208fc7f19d6895586d08bc5f0ab930a1f41032e60f31a41/django_debug_toolbar-5.2.0.tar.gz", hash = "sha256:9e7f0145e1a1b7d78fcc3b53798686170a5b472d9cf085d88121ff823e900821", size = 297901, upload-time = "2025-04-29T05:23:57.533Z" }
wheels = [
    { url = "https://files.pythonhosted.org/packages/fa/c2/ed3cb815002664349e9e50799b8c00ef15941f4cad797247cadbdeebab02/django_debug_toolbar-5.2.0-py3-none-any.whl", hash = "sha256:15627f4c2836a9099d795e271e38e8cf5204ccd79d5dbcd748f8a6c284dcd195", size = 262834, upload-time = "2025-04-29T05:23:55.472Z" },
]

[[package]]
name = "django-isbn-field"
version = "0.5.3"
source = { registry = "https://pypi.org/simple" }
dependencies = [
    { name = "django" },
    { name = "python-stdnum" },
    { name = "six" },
]
sdist = { url = "https://files.pythonhosted.org/packages/e1/30/17416fd29134deba92fe4eb0e266dc05e852f1fcf8370086ce464e47dff3/django-isbn-field-0.5.3.tar.gz", hash = "sha256:a6c4d4de37a2025b7f8522f854a1be69abe8e50b049129eec9cb7091c1a4d1a8", size = 6942, upload-time = "2021-12-07T22:38:35.481Z" }

[[package]]
name = "django-mail-panel"
version = "4.0.4"
source = { registry = "https://pypi.org/simple" }
dependencies = [
    { name = "django-debug-toolbar" },
]
sdist = { url = "https://files.pythonhosted.org/packages/db/a2/7d33feae8e1ed1470c0c944a2974fd4d1a48503ec9d944e997d92a9096af/django_mail_panel-4.0.4.tar.gz", hash = "sha256:032c75a9588efe051a758404f2a68cf29b620e024d44cf40acd4a9b6639206fc", size = 15988, upload-time = "2024-05-09T15:51:19.166Z" }
wheels = [
    { url = "https://files.pythonhosted.org/packages/2b/ac/5ad026422748ec916a269111d7e7cdf9ab36c34711faacaf71ad13d569e0/django_mail_panel-4.0.4-py3-none-any.whl", hash = "sha256:440fe6c60bedc9bc4c4a2d9931ac9582d81f5d4c7e976eca7a48e8fc2d758a12", size = 17263, upload-time = "2024-05-09T15:51:17.888Z" },
]

[[package]]
name = "gunicorn"
version = "23.0.0"
source = { registry = "https://pypi.org/simple" }
dependencies = [
    { name = "packaging" },
]
sdist = { url = "https://files.pythonhosted.org/packages/34/72/9614c465dc206155d93eff0ca20d42e1e35afc533971379482de953521a4/gunicorn-23.0.0.tar.gz", hash = "sha256:f014447a0101dc57e294f6c18ca6b40227a4c90e9bdb586042628030cba004ec", size = 375031, upload-time = "2024-08-10T20:25:27.378Z" }
wheels = [
    { url = "https://files.pythonhosted.org/packages/cb/7d/6dac2a6e1eba33ee43f318edbed4ff29151a49b5d37f080aad1e6469bca4/gunicorn-23.0.0-py3-none-any.whl", hash = "sha256:ec400d38950de4dfd418cff8328b2c8faed0edb0d517d3394e457c317908ca4d", size = 85029, upload-time = "2024-08-10T20:25:24.996Z" },
]

[[package]]
name = "idna"
version = "3.11"
source = { registry = "https://pypi.org/simple" }
sdist = { url = "https://files.pythonhosted.org/packages/6f/6d/0703ccc57f3a7233505399edb88de3cbd678da106337b9fcde432b65ed60/idna-3.11.tar.gz", hash = "sha256:795dafcc9c04ed0c1fb032c2aa73654d8e8c5023a7df64a53f39190ada629902", size = 194582, upload-time = "2025-10-12T14:55:20.501Z" }
wheels = [
    { url = "https://files.pythonhosted.org/packages/0e/61/66938bbb5fc52dbdf84594873d5b51fb1f7c7794e9c0f5bd885f30bc507b/idna-3.11-py3-none-any.whl", hash = "sha256:771a87f49d9defaf64091e6e6fe9c18d4833f140bd19464795bc32d966ca37ea", size = 71008, upload-time = "2025-10-12T14:55:18.883Z" },
]

[[package]]
name = "packaging"
version = "25.0"
source = { registry = "https://pypi.org/simple" }
sdist = { url = "https://files.pythonhosted.org/packages/a1/d4/1fc4078c65507b51b96ca8f8c3ba19e6a61c8253c72794544580a7b6c24d/packaging-25.0.tar.gz", hash = "sha256:d443872c98d677bf60f6a1f2f8c1cb748e8fe762d2bf9d3148b5599295b0fc4f", size = 165727, upload-time = "2025-04-19T11:48:59.673Z" }
wheels = [
    { url = "https://files.pythonhosted.org/packages/20/12/38679034af332785aac8774540895e234f4d07f7545804097de4b666afd8/packaging-25.0-py3-none-any.whl", hash = "sha256:29572ef2b1f17581046b3a2227d5c611fb25ec70ca1ba8554b24b0e69331a484", size = 66469, upload-time = "2025-04-19T11:48:57.875Z" },
]

[[package]]
name = "pillow"
version = "11.2.1"
source = { registry = "https://pypi.org/simple" }
sdist = { url = "https://files.pythonhosted.org/packages/af/cb/bb5c01fcd2a69335b86c22142b2bccfc3464087efb7fd382eee5ffc7fdf7/pillow-11.2.1.tar.gz", hash = "sha256:a64dd61998416367b7ef979b73d3a85853ba9bec4c2925f74e588879a58716b6", size = 47026707, upload-time = "2025-04-12T17:50:03.289Z" }
wheels = [
    { url = "https://files.pythonhosted.org/packages/36/9c/447528ee3776e7ab8897fe33697a7ff3f0475bb490c5ac1456a03dc57956/pillow-11.2.1-cp313-cp313-macosx_10_13_x86_64.whl", hash = "sha256:fdec757fea0b793056419bca3e9932eb2b0ceec90ef4813ea4c1e072c389eb28", size = 3190098, upload-time = "2025-04-12T17:48:23.915Z" },
    { url = "https://files.pythonhosted.org/packages/b5/09/29d5cd052f7566a63e5b506fac9c60526e9ecc553825551333e1e18a4858/pillow-11.2.1-cp313-cp313-macosx_11_0_arm64.whl", hash = "sha256:b0e130705d568e2f43a17bcbe74d90958e8a16263868a12c3e0d9c8162690830", size = 3030166, upload-time = "2025-04-12T17:48:25.738Z" },
    { url = "https://files.pythonhosted.org/packages/71/5d/446ee132ad35e7600652133f9c2840b4799bbd8e4adba881284860da0a36/pillow-11.2.1-cp313-cp313-manylinux_2_17_aarch64.manylinux2014_aarch64.whl", hash = "sha256:7bdb5e09068332578214cadd9c05e3d64d99e0e87591be22a324bdbc18925be0", size = 4408674, upload-time = "2025-04-12T17:48:27.908Z" },
    { url = "https://files.pythonhosted.org/packages/69/5f/cbe509c0ddf91cc3a03bbacf40e5c2339c4912d16458fcb797bb47bcb269/pillow-11.2.1-cp313-cp313-manylinux_2_17_x86_64.manylinux2014_x86_64.whl", hash = "sha256:d189ba1bebfbc0c0e529159631ec72bb9e9bc041f01ec6d3233d6d82eb823bc1", size = 4496005, upload-time = "2025-04-12T17:48:29.888Z" },
    { url = "https://files.pythonhosted.org/packages/f9/b3/dd4338d8fb8a5f312021f2977fb8198a1184893f9b00b02b75d565c33b51/pillow-11.2.1-cp313-cp313-manylinux_2_28_aarch64.whl", hash = "sha256:191955c55d8a712fab8934a42bfefbf99dd0b5875078240943f913bb66d46d9f", size = 4518707, upload-time = "2025-04-12T17:48:31.874Z" },
    { url = "https://files.pythonhosted.org/packages/13/eb/2552ecebc0b887f539111c2cd241f538b8ff5891b8903dfe672e997529be/pillow-11.2.1-cp313-cp313-manylinux_2_28_x86_64.whl", hash = "sha256:ad275964d52e2243430472fc5d2c2334b4fc3ff9c16cb0a19254e25efa03a155", size = 4610008, upload-time = "2025-04-12T17:48:34.422Z" },
    { url = "https://files.pythonhosted.org/packages/72/d1/924ce51bea494cb6e7959522d69d7b1c7e74f6821d84c63c3dc430cbbf3b/pillow-11.2.1-cp313-cp313-musllinux_1_2_aarch64.whl", hash = "sha256:750f96efe0597382660d8b53e90dd1dd44568a8edb51cb7f9d5d918b80d4de14", size = 4585420, upload-time = "2025-04-12T17:48:37.641Z" },
    { url = "https://files.pythonhosted.org/packages/43/ab/8f81312d255d713b99ca37479a4cb4b0f48195e530cdc1611990eb8fd04b/pillow-11.2.1-cp313-cp313-musllinux_1_2_x86_64.whl", hash = "sha256:fe15238d3798788d00716637b3d4e7bb6bde18b26e5d08335a96e88564a36b6b", size = 4667655, upload-time = "2025-04-12T17:48:39.652Z" },
    { url = "https://files.pythonhosted.org/packages/94/86/8f2e9d2dc3d308dfd137a07fe1cc478df0a23d42a6c4093b087e738e4827/pillow-11.2.1-cp313-cp313-win32.whl", hash = "sha256:3fe735ced9a607fee4f481423a9c36701a39719252a9bb251679635f99d0f7d2", size = 2332329, upload-time = "2025-04-12T17:48:41.765Z" },
    { url = "https://files.pythonhosted.org/packages/6d/ec/1179083b8d6067a613e4d595359b5fdea65d0a3b7ad623fee906e1b3c4d2/pillow-11.2.1-cp313-cp313-win_amd64.whl", hash = "sha256:74ee3d7ecb3f3c05459ba95eed5efa28d6092d751ce9bf20e3e253a4e497e691", size = 2676388, upload-time = "2025-04-12T17:48:43.625Z" },
    { url = "https://files.pythonhosted.org/packages/23/f1/2fc1e1e294de897df39fa8622d829b8828ddad938b0eaea256d65b84dd72/pillow-11.2.1-cp313-cp313-win_arm64.whl", hash = "sha256:5119225c622403afb4b44bad4c1ca6c1f98eed79db8d3bc6e4e160fc6339d66c", size = 2414950, upload-time = "2025-04-12T17:48:45.475Z" },
    { url = "https://files.pythonhosted.org/packages/c4/3e/c328c48b3f0ead7bab765a84b4977acb29f101d10e4ef57a5e3400447c03/pillow-11.2.1-cp313-cp313t-macosx_10_13_x86_64.whl", hash = "sha256:8ce2e8411c7aaef53e6bb29fe98f28cd4fbd9a1d9be2eeea434331aac0536b22", size = 3192759, upload-time = "2025-04-12T17:48:47.866Z" },
    { url = "https://files.pythonhosted.org/packages/18/0e/1c68532d833fc8b9f404d3a642991441d9058eccd5606eab31617f29b6d4/pillow-11.2.1-cp313-cp313t-macosx_11_0_arm64.whl", hash = "sha256:9ee66787e095127116d91dea2143db65c7bb1e232f617aa5957c0d9d2a3f23a7", size = 3033284, upload-time = "2025-04-12T17:48:50.189Z" },
    { url = "https://files.pythonhosted.org/packages/b7/cb/6faf3fb1e7705fd2db74e070f3bf6f88693601b0ed8e81049a8266de4754/pillow-11.2.1-cp313-cp313t-manylinux_2_17_aarch64.manylinux2014_aarch64.whl", hash = "sha256:9622e3b6c1d8b551b6e6f21873bdcc55762b4b2126633014cea1803368a9aa16", size = 4445826, upload-time = "2025-04-12T17:48:52.346Z" },
    { url = "https://files.pythonhosted.org/packages/07/94/8be03d50b70ca47fb434a358919d6a8d6580f282bbb7af7e4aa40103461d/pillow-11.2.1-cp313-cp313t-manylinux_2_17_x86_64.manylinux2014_x86_64.whl", hash = "sha256:63b5dff3a68f371ea06025a1a6966c9a1e1ee452fc8020c2cd0ea41b83e9037b", size = 4527329, upload-time = "2025-04-12T17:48:54.403Z" },
    { url = "https://files.pythonhosted.org/packages/fd/a4/bfe78777076dc405e3bd2080bc32da5ab3945b5a25dc5d8acaa9de64a162/pillow-11.2.1-cp313-cp313t-manylinux_2_28_aarch64.whl", hash = "sha256:31df6e2d3d8fc99f993fd253e97fae451a8db2e7207acf97859732273e108406", size = 4549049, upload-time = "2025-04-12T17:48:56.383Z" },
    { url = "https://files.pythonhosted.org/packages/65/4d/eaf9068dc687c24979e977ce5677e253624bd8b616b286f543f0c1b91662/pillow-11.2.1-cp313-cp313t-manylinux_2_28_x86_64.whl", hash = "sha256:062b7a42d672c45a70fa1f8b43d1d38ff76b63421cbbe7f88146b39e8a558d91", size = 4635408, upload-time = "2025-04-12T17:48:58.782Z" },
    { url = "https://files.pythonhosted.org/packages/1d/26/0fd443365d9c63bc79feb219f97d935cd4b93af28353cba78d8e77b61719/pillow-11.2.1-cp313-cp313t-musllinux_1_2_aarch64.whl", hash = "sha256:4eb92eca2711ef8be42fd3f67533765d9fd043b8c80db204f16c8ea62ee1a751", size = 4614863, upload-time = "2025-04-12T17:49:00.709Z" },
    { url = "https://files.pythonhosted.org/packages/49/65/dca4d2506be482c2c6641cacdba5c602bc76d8ceb618fd37de855653a419/pillow-11.2.1-cp313-cp313t-musllinux_1_2_x86_64.whl", hash = "sha256:f91ebf30830a48c825590aede79376cb40f110b387c17ee9bd59932c961044f9", size = 4692938, upload-time = "2025-04-12T17:49:02.946Z" },
    { url = "https://files.pythonhosted.org/packages/b3/92/1ca0c3f09233bd7decf8f7105a1c4e3162fb9142128c74adad0fb361b7eb/pillow-11.2.1-cp313-cp313t-win32.whl", hash = "sha256:e0b55f27f584ed623221cfe995c912c61606be8513bfa0e07d2c674b4516d9dd", size = 2335774, upload-time = "2025-04-12T17:49:04.889Z" },
    { url = "https://files.pythonhosted.org/packages/a5/ac/77525347cb43b83ae905ffe257bbe2cc6fd23acb9796639a1f56aa59d191/pillow-11.2.1-cp313-cp313t-win_amd64.whl", hash = "sha256:36d6b82164c39ce5482f649b437382c0fb2395eabc1e2b1702a6deb8ad647d6e", size = 2681895, upload-time = "2025-04-12T17:49:06.635Z" },
    { url = "https://files.pythonhosted.org/packages/67/32/32dc030cfa91ca0fc52baebbba2e009bb001122a1daa8b6a79ad830b38d3/pillow-11.2.1-cp313-cp313t-win_arm64.whl", hash = "sha256:225c832a13326e34f212d2072982bb1adb210e0cc0b153e688743018c94a2681", size = 2417234, upload-time = "2025-04-12T17:49:08.399Z" },
]

[[package]]
name = "psycopg"
version = "3.2.9"
source = { registry = "https://pypi.org/simple" }
dependencies = [
    { name = "tzdata", marker = "sys_platform == 'win32'" },
]
sdist = { url = "https://files.pythonhosted.org/packages/27/4a/93a6ab570a8d1a4ad171a1f4256e205ce48d828781312c0bbaff36380ecb/psycopg-3.2.9.tar.gz", hash = "sha256:2fbb46fcd17bc81f993f28c47f1ebea38d66ae97cc2dbc3cad73b37cefbff700", size = 158122, upload-time = "2025-05-13T16:11:15.533Z" }
wheels = [
    { url = "https://files.pythonhosted.org/packages/44/b0/a73c195a56eb6b92e937a5ca58521a5c3346fb233345adc80fd3e2f542e2/psycopg-3.2.9-py3-none-any.whl", hash = "sha256:01a8dadccdaac2123c916208c96e06631641c0566b22005493f09663c7a8d3b6", size = 202705, upload-time = "2025-05-13T16:06:26.584Z" },
]

[[package]]
name = "python-dotenv"
version = "1.2.1"
source = { registry = "https://pypi.org/simple" }
sdist = { url = "https://files.pythonhosted.org/packages/f0/26/19cadc79a718c5edbec86fd4919a6b6d3f681039a2f6d66d14be94e75fb9/python_dotenv-1.2.1.tar.gz", hash = "sha256:42667e897e16ab0d66954af0e60a9caa94f0fd4ecf3aaf6d2d260eec1aa36ad6", size = 44221, upload-time = "2025-10-26T15:12:10.434Z" }
wheels = [
    { url = "https://files.pythonhosted.org/packages/14/1b/a298b06749107c305e1fe0f814c6c74aea7b2f1e10989cb30f544a1b3253/python_dotenv-1.2.1-py3-none-any.whl", hash = "sha256:b81ee9561e9ca4004139c6cbba3a238c32b03e4894671e181b671e8cb8425d61", size = 21230, upload-time = "2025-10-26T15:12:09.109Z" },
]

[[package]]
name = "python-stdnum"
version = "2.1"
source = { registry = "https://pypi.org/simple" }
sdist = { url = "https://files.pythonhosted.org/packages/83/60/fd8299c7d8990a7d802286ac604862387bcac3df08be7cb1c932c33ef7da/python_stdnum-2.1.tar.gz", hash = "sha256:6b01645969eb3dfd55061a0114d593753cd9e653cea9083198b7eea12644397a", size = 1238596, upload-time = "2025-05-17T13:18:43.506Z" }
wheels = [
    { url = "https://files.pythonhosted.org/packages/67/04/730f619b5b8470adf0e029ee2f0a060689145ea64dec001c8bac3c3959e2/python_stdnum-2.1-py3-none-any.whl", hash = "sha256:25eabcf5f307dd4150fd8f1c03f4512a6caeb84c9f09be1448711f5803373c58", size = 1120175, upload-time = "2025-05-17T13:18:41.193Z" },
]

[[package]]
name = "requests"
version = "2.32.5"
source = { registry = "https://pypi.org/simple" }
dependencies = [
    { name = "certifi" },
    { name = "charset-normalizer" },
    { name = "idna" },
    { name = "urllib3" },
]
sdist = { url = "https://files.pythonhosted.org/packages/c9/74/b3ff8e6c8446842c3f5c837e9c3dfcfe2018ea6ecef224c710c85ef728f4/requests-2.32.5.tar.gz", hash = "sha256:dbba0bac56e100853db0ea71b82b4dfd5fe2bf6d3754a8893c3af500cec7d7cf", size = 134517, upload-time = "2025-08-18T20:46:02.573Z" }
wheels = [
    { url = "https://files.pythonhosted.org/packages/1e/db/4254e3eabe8020b458f1a747140d32277ec7a271daf1d235b70dc0b4e6e3/requests-2.32.5-py3-none-any.whl", hash = "sha256:2462f94637a34fd532264295e186976db0f5d453d1cdd31473c85a6a161affb6", size = 64738, upload-time = "2025-08-18T20:46:00.542Z" },
]

[[package]]
name = "ruff"
version = "0.11.7"
source = { registry = "https://pypi.org/simple" }
sdist = { url = "https://files.pythonhosted.org/packages/5b/89/6f9c9674818ac2e9cc2f2b35b704b7768656e6b7c139064fc7ba8fbc99f1/ruff-0.11.7.tar.gz", hash = "sha256:655089ad3224070736dc32844fde783454f8558e71f501cb207485fe4eee23d4", size = 4054861, upload-time = "2025-04-24T18:49:37.007Z" }
wheels = [
    { url = "https://files.pythonhosted.org/packages/b4/ec/21927cb906c5614b786d1621dba405e3d44f6e473872e6df5d1a6bca0455/ruff-0.11.7-py3-none-linux_armv6l.whl", hash = "sha256:d29e909d9a8d02f928d72ab7837b5cbc450a5bdf578ab9ebee3263d0a525091c", size = 10245403, upload-time = "2025-04-24T18:48:40.459Z" },
    { url = "https://files.pythonhosted.org/packages/e2/af/fec85b6c2c725bcb062a354dd7cbc1eed53c33ff3aa665165871c9c16ddf/ruff-0.11.7-py3-none-macosx_10_12_x86_64.whl", hash = "sha256:dd1fb86b168ae349fb01dd497d83537b2c5541fe0626e70c786427dd8363aaee", size = 11007166, upload-time = "2025-04-24T18:48:44.742Z" },
    { url = "https://files.pythonhosted.org/packages/31/9a/2d0d260a58e81f388800343a45898fd8df73c608b8261c370058b675319a/ruff-0.11.7-py3-none-macosx_11_0_arm64.whl", hash = "sha256:d3d7d2e140a6fbbc09033bce65bd7ea29d6a0adeb90b8430262fbacd58c38ada", size = 10378076, upload-time = "2025-04-24T18:48:47.918Z" },
    { url = "https://files.pythonhosted.org/packages/c2/c4/9b09b45051404d2e7dd6d9dbcbabaa5ab0093f9febcae664876a77b9ad53/ruff-0.11.7-py3-none-manylinux_2_17_aarch64.manylinux2014_aarch64.whl", hash = "sha256:4809df77de390a1c2077d9b7945d82f44b95d19ceccf0c287c56e4dc9b91ca64", size = 10557138, upload-time = "2025-04-24T18:48:51.707Z" },
    { url = "https://files.pythonhosted.org/packages/5e/5e/f62a1b6669870a591ed7db771c332fabb30f83c967f376b05e7c91bccd14/ruff-0.11.7-py3-none-manylinux_2_17_armv7l.manylinux2014_armv7l.whl", hash = "sha256:f3a0c2e169e6b545f8e2dba185eabbd9db4f08880032e75aa0e285a6d3f48201", size = 10095726, upload-time = "2025-04-24T18:48:54.243Z" },
    { url = "https://files.pythonhosted.org/packages/45/59/a7aa8e716f4cbe07c3500a391e58c52caf665bb242bf8be42c62adef649c/ruff-0.11.7-py3-none-manylinux_2_17_i686.manylinux2014_i686.whl", hash = "sha256:49b888200a320dd96a68e86736cf531d6afba03e4f6cf098401406a257fcf3d6", size = 11672265, upload-time = "2025-04-24T18:48:57.639Z" },
    { url = "https://files.pythonhosted.org/packages/dd/e3/101a8b707481f37aca5f0fcc3e42932fa38b51add87bfbd8e41ab14adb24/ruff-0.11.7-py3-none-manylinux_2_17_ppc64.manylinux2014_ppc64.whl", hash = "sha256:2b19cdb9cf7dae00d5ee2e7c013540cdc3b31c4f281f1dacb5a799d610e90db4", size = 12331418, upload-time = "2025-04-24T18:49:00.697Z" },
    { url = "https://files.pythonhosted.org/packages/dd/71/037f76cbe712f5cbc7b852e4916cd3cf32301a30351818d32ab71580d1c0/ruff-0.11.7-py3-none-manylinux_2_17_ppc64le.manylinux2014_ppc64le.whl", hash = "sha256:64e0ee994c9e326b43539d133a36a455dbaab477bc84fe7bfbd528abe2f05c1e", size = 11794506, upload-time = "2025-04-24T18:49:03.545Z" },
    { url = "https://files.pythonhosted.org/packages/ca/de/e450b6bab1fc60ef263ef8fcda077fb4977601184877dce1c59109356084/ruff-0.11.7-py3-none-manylinux_2_17_s390x.manylinux2014_s390x.whl", hash = "sha256:bad82052311479a5865f52c76ecee5d468a58ba44fb23ee15079f17dd4c8fd63", size = 13939084, upload-time = "2025-04-24T18:49:07.159Z" },
    { url = "https://files.pythonhosted.org/packages/0e/2c/1e364cc92970075d7d04c69c928430b23e43a433f044474f57e425cbed37/ruff-0.11.7-py3-none-manylinux_2_17_x86_64.manylinux2014_x86_64.whl", hash = "sha256:7940665e74e7b65d427b82bffc1e46710ec7f30d58b4b2d5016e3f0321436502", size = 11450441, upload-time = "2025-04-24T18:49:11.41Z" },
    { url = "https://files.pythonhosted.org/packages/9d/7d/1b048eb460517ff9accd78bca0fa6ae61df2b276010538e586f834f5e402/ruff-0.11.7-py3-none-musllinux_1_2_aarch64.whl", hash = "sha256:169027e31c52c0e36c44ae9a9c7db35e505fee0b39f8d9fca7274a6305295a92", size = 10441060, upload-time = "2025-04-24T18:49:14.184Z" },
    { url = "https://files.pythonhosted.org/packages/3a/57/8dc6ccfd8380e5ca3d13ff7591e8ba46a3b330323515a4996b991b10bd5d/ruff-0.11.7-py3-none-musllinux_1_2_armv7l.whl", hash = "sha256:305b93f9798aee582e91e34437810439acb28b5fc1fee6b8205c78c806845a94", size = 10058689, upload-time = "2025-04-24T18:49:17.559Z" },
    { url = "https://files.pythonhosted.org/packages/23/bf/20487561ed72654147817885559ba2aa705272d8b5dee7654d3ef2dbf912/ruff-0.11.7-py3-none-musllinux_1_2_i686.whl", hash = "sha256:a681db041ef55550c371f9cd52a3cf17a0da4c75d6bd691092dfc38170ebc4b6", size = 11073703, upload-time = "2025-04-24T18:49:20.247Z" },
    { url = "https://files.pythonhosted.org/packages/9d/27/04f2db95f4ef73dccedd0c21daf9991cc3b7f29901a4362057b132075aa4/ruff-0.11.7-py3-none-musllinux_1_2_x86_64.whl", hash = "sha256:07f1496ad00a4a139f4de220b0c97da6d4c85e0e4aa9b2624167b7d4d44fd6b6", size = 11532822, upload-time = "2025-04-24T18:49:23.765Z" },
    { url = "https://files.pythonhosted.org/packages/e1/72/43b123e4db52144c8add336581de52185097545981ff6e9e58a21861c250/ruff-0.11.7-py3-none-win32.whl", hash = "sha256:f25dfb853ad217e6e5f1924ae8a5b3f6709051a13e9dad18690de6c8ff299e26", size = 10362436, upload-time = "2025-04-24T18:49:27.377Z" },
    { url = "https://files.pythonhosted.org/packages/c5/a0/3e58cd76fdee53d5c8ce7a56d84540833f924ccdf2c7d657cb009e604d82/ruff-0.11.7-py3-none-win_amd64.whl", hash = "sha256:0a931d85959ceb77e92aea4bbedfded0a31534ce191252721128f77e5ae1f98a", size = 11566676, upload-time = "2025-04-24T18:49:30.938Z" },
    { url = "https://files.pythonhosted.org/packages/68/ca/69d7c7752bce162d1516e5592b1cc6b6668e9328c0d270609ddbeeadd7cf/ruff-0.11.7-py3-none-win_arm64.whl", hash = "sha256:778c1e5d6f9e91034142dfd06110534ca13220bfaad5c3735f6cb844654f6177", size = 10677936, upload-time = "2025-04-24T18:49:34.392Z" },
]

[[package]]
name = "sentry-sdk"
version = "2.43.0"
source = { registry = "https://pypi.org/simple" }
dependencies = [
    { name = "certifi" },
    { name = "urllib3" },
]
sdist = { url = "https://files.pythonhosted.org/packages/b3/18/09875b4323b03ca9025bae7e6539797b27e4fc032998a466b4b9c3d24653/sentry_sdk-2.43.0.tar.gz", hash = "sha256:52ed6e251c5d2c084224d73efee56b007ef5c2d408a4a071270e82131d336e20", size = 368953, upload-time = "2025-10-29T11:26:08.156Z" }
wheels = [
    { url = "https://files.pythonhosted.org/packages/69/31/8228fa962f7fd8814d634e4ebece8780e2cdcfbdf0cd2e14d4a6861a7cd5/sentry_sdk-2.43.0-py2.py3-none-any.whl", hash = "sha256:4aacafcf1756ef066d359ae35030881917160ba7f6fc3ae11e0e58b09edc2d5d", size = 400997, upload-time = "2025-10-29T11:26:05.77Z" },
]

[package.optional-dependencies]
django = [
    { name = "django" },
]

[[package]]
name = "six"
version = "1.17.0"
source = { registry = "https://pypi.org/simple" }
sdist = { url = "https://files.pythonhosted.org/packages/94/e7/b2c673351809dca68a0e064b6af791aa332cf192da575fd474ed7d6f16a2/six-1.17.0.tar.gz", hash = "sha256:ff70335d468e7eb6ec65b95b99d3a2836546063f63acc5171de367e834932a81", size = 34031, upload-time = "2024-12-04T17:35:28.174Z" }
wheels = [
    { url = "https://files.pythonhosted.org/packages/b7/ce/149a00dd41f10bc29e5921b496af8b574d8413afcd5e30dfa0ed46c2cc5e/six-1.17.0-py2.py3-none-any.whl", hash = "sha256:4721f391ed90541fddacab5acf947aa0d3dc7d27b2e1e8eda2be8970586c3274", size = 11050, upload-time = "2024-12-04T17:35:26.475Z" },
]

[[package]]
name = "sqlparse"
version = "0.5.3"
source = { registry = "https://pypi.org/simple" }
sdist = { url = "https://files.pythonhosted.org/packages/e5/40/edede8dd6977b0d3da179a342c198ed100dd2aba4be081861ee5911e4da4/sqlparse-0.5.3.tar.gz", hash = "sha256:09f67787f56a0b16ecdbde1bfc7f5d9c3371ca683cfeaa8e6ff60b4807ec9272", size = 84999, upload-time = "2024-12-10T12:05:30.728Z" }
wheels = [
    { url = "https://files.pythonhosted.org/packages/a9/5c/bfd6bd0bf979426d405cc6e71eceb8701b148b16c21d2dc3c261efc61c7b/sqlparse-0.5.3-py3-none-any.whl", hash = "sha256:cf2196ed3418f3ba5de6af7e82c694a9fbdbfecccdfc72e281548517081f16ca", size = 44415, upload-time = "2024-12-10T12:05:27.824Z" },
]

[[package]]
name = "tzdata"
version = "2025.2"
source = { registry = "https://pypi.org/simple" }
sdist = { url = "https://files.pythonhosted.org/packages/95/32/1a225d6164441be760d75c2c42e2780dc0873fe382da3e98a2e1e48361e5/tzdata-2025.2.tar.gz", hash = "sha256:b60a638fcc0daffadf82fe0f57e53d06bdec2f36c4df66280ae79bce6bd6f2b9", size = 196380, upload-time = "2025-03-23T13:54:43.652Z" }
wheels = [
    { url = "https://files.pythonhosted.org/packages/5c/23/c7abc0ca0a1526a0774eca151daeb8de62ec457e77262b66b359c3c7679e/tzdata-2025.2-py2.py3-none-any.whl", hash = "sha256:1a403fada01ff9221ca8044d701868fa132215d84beb92242d9acd2147f667a8", size = 347839, upload-time = "2025-03-23T13:54:41.845Z" },
]

[[package]]
name = "urllib3"
version = "2.5.0"
source = { registry = "https://pypi.org/simple" }
sdist = { url = "https://files.pythonhosted.org/packages/15/22/9ee70a2574a4f4599c47dd506532914ce044817c7752a79b6a51286319bc/urllib3-2.5.0.tar.gz", hash = "sha256:3fc47733c7e419d4bc3f6b3dc2b4f890bb743906a30d56ba4a5bfa4bbff92760", size = 393185, upload-time = "2025-06-18T14:07:41.644Z" }
wheels = [
    { url = "https://files.pythonhosted.org/packages/a7/c2/fe1e52489ae3122415c51f387e221dd0773709bad6c6cdaa599e8a2c5185/urllib3-2.5.0-py3-none-any.whl", hash = "sha256:e6b01673c0fa6a13e374b50871808eb3bf7046c4b125b216f6bf1cc604cff0dc", size = 129795, upload-time = "2025-06-18T14:07:40.39Z" },
]

[[package]]
name = "zxing-cpp"
version = "2.3.0"
source = { registry = "https://pypi.org/simple" }
sdist = { url = "https://files.pythonhosted.org/packages/d9/f2/b781bf6119abe665069777e3c0f154752cf924fe8a55fca027243abbc555/zxing_cpp-2.3.0.tar.gz", hash = "sha256:3babedb67a4c15c9de2c2b4c42d70af83a6c85780c1b2d9803ac64c6ae69f14e", size = 1172666, upload-time = "2025-01-01T21:54:05.856Z" }
wheels = [
    { url = "https://files.pythonhosted.org/packages/3d/46/ef7c69bea44a7c64d4a740679dd18c59616d610fb468c057d8bfbda5f063/zxing_cpp-2.3.0-cp313-cp313-macosx_10_13_universal2.whl", hash = "sha256:3da0fbf0d93ef85663def561e8f7880447970710ea6b1768dfc05550a9ee3e00", size = 1698948, upload-time = "2025-01-01T21:53:46.768Z" },
    { url = "https://files.pythonhosted.org/packages/49/2e/8ed22a7b3743a8aa6a588366e34c44056d118ea7614b6bdbc44817ab4a7f/zxing_cpp-2.3.0-cp313-cp313-manylinux_2_17_i686.manylinux2014_i686.whl", hash = "sha256:a0b36f3be2e6d928bea9bd529f173ef41092061f0f46d27f591c87486f9a7366", size = 992070, upload-time = "2025-01-01T21:53:48.258Z" },
    { url = "https://files.pythonhosted.org/packages/ce/5e/5784ad14f8514e4321f3a828dccc00ebcf70202f6ef967174d26bcb65568/zxing_cpp-2.3.0-cp313-cp313-manylinux_2_27_x86_64.manylinux_2_28_x86_64.whl", hash = "sha256:7ba641ca5a0f19b97d7bc6a0212e61dab267a2b1a52a84946d02bdcd859ec318", size = 984869, upload-time = "2025-01-01T21:53:51.256Z" },
    { url = "https://files.pythonhosted.org/packages/dd/0a/aac46433935fba2015efacd1ddd68885e9dd803c6ce7b6446c0f018354ec/zxing_cpp-2.3.0-cp313-cp313-win32.whl", hash = "sha256:49a07be29ca28278ab0d8d9924d873e28111b1067acae68f2112a25c7f7efe77", size = 759894, upload-time = "2025-01-01T21:53:52.801Z" },
    { url = "https://files.pythonhosted.org/packages/b4/88/5221780a8955c3097a2757be43e90672ddfa82d774dfa7e2625c2b6c6fe4/zxing_cpp-2.3.0-cp313-cp313-win_amd64.whl", hash = "sha256:971dad40c4765eeb74a4f4557889053b934484ad8c7f9d64c412d3a3d8441f3f", size = 843171, upload-time = "2025-01-01T21:53:54.236Z" },
]
